
Microsoft Visual Studio Solution File, Format Version 12.00
# Visual Studio 15
VisualStudioVersion = 15.0.27703.2000
MinimumVisualStudioVersion = 10.0.40219.1
Project("{9A19103F-16F7-4668-BE54-9A1E7A4F7556}") = "AppEngine", "AppEngine\AppEngine.csproj", "{12E626E5-8811-425D-82F4-65AB79387718}"
EndProject
Project("{FAE04EC0-301F-11D3-BF4B-00C04F79EFBC}") = "AppEngine.Console", "AppEngin.Console\AppEngine.Console.csproj", "{8FA40E67-5D28-4313-96B2-88FF71AD0CD3}"
EndProject
Global
	GlobalSection(SolutionConfigurationPlatforms) = preSolution
		Debug|Any CPU = Debug|Any CPU
		Release|Any CPU = Release|Any CPU
	EndGlobalSection
	GlobalSection(ProjectConfigurationPlatforms) = postSolution
		{12E626E5-8811-425D-82F4-65AB79387718}.Debug|Any CPU.ActiveCfg = Debug|Any CPU
		{12E626E5-8811-425D-82F4-65AB79387718}.Debug|Any CPU.Build.0 = Debug|Any CPU
		{12E626E5-8811-425D-82F4-65AB79387718}.Release|Any CPU.ActiveCfg = Release|Any CPU
		{12E626E5-8811-425D-82F4-65AB79387718}.Release|Any CPU.Build.0 = Release|Any CPU
		{8FA40E67-5D28-4313-96B2-88FF71AD0CD3}.Debug|Any CPU.ActiveCfg = Debug|Any CPU
		{8FA40E67-5D28-4313-96B2-88FF71AD0CD3}.Debug|Any CPU.Build.0 = Debug|Any CPU
		{8FA40E67-5D28-4313-96B2-88FF71AD0CD3}.Release|Any CPU.ActiveCfg = Release|Any CPU
		{8FA40E67-5D28-4313-96B2-88FF71AD0CD3}.Release|Any CPU.Build.0 = Release|Any CPU
	EndGlobalSection
	GlobalSection(SolutionProperties) = preSolution
		HideSolutionNode = FALSE
	EndGlobalSection
	GlobalSection(ExtensibilityGlobals) = postSolution
		SolutionGuid = {EB4822A3-1E76-4EE2-8D09-FE077EBD2769}
	EndGlobalSection
EndGlobal
